
Microsoft Visual Studio Solution File, Format Version 12.00
# Visual Studio Version 16
VisualStudioVersion = 16.0.29806.167
MinimumVisualStudioVersion = 10.0.40219.1
Project("{8BC9CEB8-8B4A-11D0-8D11-00A0C91BC942}") = "OOPPractice", "OOPPractice\OOPPractice.vcxproj", "{71B878C5-B414-441D-AFC6-ED49FC66871D}"
EndProject
Global
	GlobalSection(SolutionConfigurationPlatforms) = preSolution
		Debug|x64 = Debug|x64
		Debug|x86 = Debug|x86
		Release|x64 = Release|x64
		Release|x86 = Release|x86
	EndGlobalSection
	GlobalSection(ProjectConfigurationPlatforms) = postSolution
		{71B878C5-B414-441D-AFC6-ED49FC66871D}.Debug|x64.ActiveCfg = Debug|x64
		{71B878C5-B414-441D-AFC6-ED49FC66871D}.Debug|x64.Build.0 = Debug|x64
		{71B878C5-B414-441D-AFC6-ED49FC66871D}.Debug|x86.ActiveCfg = Debug|Win32
		{71B878C5-B414-441D-AFC6-ED49FC66871D}.Debug|x86.Build.0 = Debug|Win32
		{71B878C5-B414-441D-AFC6-ED49FC66871D}.Release|x64.ActiveCfg = Release|x64
		{71B878C5-B414-441D-AFC6-ED49FC66871D}.Release|x64.Build.0 = Release|x64
		{71B878C5-B414-441D-AFC6-ED49FC66871D}.Release|x86.ActiveCfg = Release|Win32
		{71B878C5-B414-441D-AFC6-ED49FC66871D}.Release|x86.Build.0 = Release|Win32
	EndGlobalSection
	GlobalSection(SolutionProperties) = preSolution
		HideSolutionNode = FALSE
	EndGlobalSection
	GlobalSection(ExtensibilityGlobals) = postSolution
		SolutionGuid = {3689D526-67D2-4CFF-A168-A314BA9F784A}
	EndGlobalSection
EndGlobal
